// !$*UTF8*$!
{
	archiveVersion = 1;
	classes = {
	};
	objectVersion = 46;
	objects = {

/* Begin PBXBuildFile section */
		9507403815F5A9F900BFDECF /* Default.scpt in Resources */ = {isa = PBXBuildFile; fileRef = 9507403715F5A9F900BFDECF /* Default.scpt */; };
		9507403D15F5AF1100BFDECF /* Carbon.framework in Frameworks */ = {isa = PBXBuildFile; fileRef = 9507403B15F5AEFA00BFDECF /* Carbon.framework */; };
		9507403F15F5DE6400BFDECF /* README.md in Resources */ = {isa = PBXBuildFile; fileRef = 9507403E15F5DE6300BFDECF /* README.md */; };
		9555DE1015F546960078CD35 /* Cocoa.framework in Frameworks */ = {isa = PBXBuildFile; fileRef = 9555DE0F15F546960078CD35 /* Cocoa.framework */; };
		9555DE1A15F546960078CD35 /* InfoPlist.strings in Resources */ = {isa = PBXBuildFile; fileRef = 9555DE1815F546960078CD35 /* InfoPlist.strings */; };
		9555DE1C15F546960078CD35 /* main.m in Sources */ = {isa = PBXBuildFile; fileRef = 9555DE1B15F546960078CD35 /* main.m */; };
		9555DE2015F546960078CD35 /* Credits.rtf in Resources */ = {isa = PBXBuildFile; fileRef = 9555DE1E15F546960078CD35 /* Credits.rtf */; };
		9555DE2315F546960078CD35 /* ARAppDelegate.m in Sources */ = {isa = PBXBuildFile; fileRef = 9555DE2215F546960078CD35 /* ARAppDelegate.m */; };
		9555DE2615F546960078CD35 /* MainMenu.xib in Resources */ = {isa = PBXBuildFile; fileRef = 9555DE2415F546960078CD35 /* MainMenu.xib */; };
		9555DE2D15F546AA0078CD35 /* IOKit.framework in Frameworks */ = {isa = PBXBuildFile; fileRef = 9555DE2C15F546AA0078CD35 /* IOKit.framework */; };
		9555DE4F15F546F50078CD35 /* .gitignore in Resources */ = {isa = PBXBuildFile; fileRef = 9555DE3015F546F50078CD35 /* .gitignore */; };
		9555DE5015F546F50078CD35 /* AppleRemote.m in Sources */ = {isa = PBXBuildFile; fileRef = 9555DE3215F546F50078CD35 /* AppleRemote.m */; settings = {COMPILER_FLAGS = "-fno-objc-arc"; }; };
		9555DE5115F546F50078CD35 /* AppleRemote.tiff in Resources */ = {isa = PBXBuildFile; fileRef = 9555DE3315F546F50078CD35 /* AppleRemote.tiff */; };
		9555DE5215F546F50078CD35 /* InfoPlist.strings in Resources */ = {isa = PBXBuildFile; fileRef = 9555DE3415F546F50078CD35 /* InfoPlist.strings */; };
		9555DE5315F546F50078CD35 /* MainMenu.nib in Resources */ = {isa = PBXBuildFile; fileRef = 9555DE3615F546F50078CD35 /* MainMenu.nib */; };
		9555DE5415F546F50078CD35 /* HIDRemoteControlDevice.m in Sources */ = {isa = PBXBuildFile; fileRef = 9555DE3915F546F50078CD35 /* HIDRemoteControlDevice.m */; settings = {COMPILER_FLAGS = "-fno-objc-arc"; }; };
		9555DE5515F546F50078CD35 /* Info.plist in Resources */ = {isa = PBXBuildFile; fileRef = 9555DE3A15F546F50078CD35 /* Info.plist */; };
		9555DE5615F546F50078CD35 /* license.txt in Resources */ = {isa = PBXBuildFile; fileRef = 9555DE3B15F546F50078CD35 /* license.txt */; };
		9555DE5915F546F50078CD35 /* MultiClickRemoteBehavior.m in Sources */ = {isa = PBXBuildFile; fileRef = 9555DE4015F546F50078CD35 /* MultiClickRemoteBehavior.m */; settings = {COMPILER_FLAGS = "-fno-objc-arc"; }; };
		9555DE5A15F546F50078CD35 /* README.markdown in Resources */ = {isa = PBXBuildFile; fileRef = 9555DE4115F546F50078CD35 /* README.markdown */; };
		9555DE5B15F546F50078CD35 /* RemoteControl.m in Sources */ = {isa = PBXBuildFile; fileRef = 9555DE4315F546F50078CD35 /* RemoteControl.m */; settings = {COMPILER_FLAGS = "-fno-objc-arc"; }; };
		9555DE5C15F546F50078CD35 /* RemoteControls-Info.plist in Resources */ = {isa = PBXBuildFile; fileRef = 9555DE4415F546F50078CD35 /* RemoteControls-Info.plist */; };
		9555DE6815F547DC0078CD35 /* .gitignore in Resources */ = {isa = PBXBuildFile; fileRef = 9555DE6715F547DC0078CD35 /* .gitignore */; };
/* End PBXBuildFile section */

/* Begin PBXContainerItemProxy section */
		9555DE6115F546F60078CD35 /* PBXContainerItemProxy */ = {
			isa = PBXContainerItemProxy;
			containerPortal = 9555DE4515F546F50078CD35 /* RemoteControlWrapper.xcodeproj */;
			proxyType = 2;
			remoteGlobalIDString = 8D1107320486CEB800E47090;
			remoteInfo = RemoteControlWrapper;
		};
		9555DE6315F546F60078CD35 /* PBXContainerItemProxy */ = {
			isa = PBXContainerItemProxy;
			containerPortal = 9555DE4515F546F50078CD35 /* RemoteControlWrapper.xcodeproj */;
			proxyType = 2;
			remoteGlobalIDString = C00A64F2128AD7EC00AF7E82;
			remoteInfo = RemoteControl;
		};
		9555DE6515F546F60078CD35 /* PBXContainerItemProxy */ = {
			isa = PBXContainerItemProxy;
			containerPortal = 9555DE4515F546F50078CD35 /* RemoteControlWrapper.xcodeproj */;
			proxyType = 2;
			remoteGlobalIDString = C083548B144EBDB000CED0EC;
			remoteInfo = AppleRemote;
		};
/* End PBXContainerItemProxy section */

/* Begin PBXFileReference section */
		9507403715F5A9F900BFDECF /* Default.scpt */ = {isa = PBXFileReference; lastKnownFileType = file; path = Default.scpt; sourceTree = "<group>"; };
		9507403B15F5AEFA00BFDECF /* Carbon.framework */ = {isa = PBXFileReference; lastKnownFileType = wrapper.framework; name = Carbon.framework; path = System/Library/Frameworks/Carbon.framework; sourceTree = SDKROOT; };
		9507403E15F5DE6300BFDECF /* README.md */ = {isa = PBXFileReference; fileEncoding = 4; lastKnownFileType = text; path = README.md; sourceTree = "<group>"; };
		9555DE0B15F546960078CD35 /* App Remote.app */ = {isa = PBXFileReference; explicitFileType = wrapper.application; includeInIndex = 0; path = "App Remote.app"; sourceTree = BUILT_PRODUCTS_DIR; };
		9555DE0F15F546960078CD35 /* Cocoa.framework */ = {isa = PBXFileReference; lastKnownFileType = wrapper.framework; name = Cocoa.framework; path = System/Library/Frameworks/Cocoa.framework; sourceTree = SDKROOT; };
		9555DE1215F546960078CD35 /* AppKit.framework */ = {isa = PBXFileReference; lastKnownFileType = wrapper.framework; name = AppKit.framework; path = System/Library/Frameworks/AppKit.framework; sourceTree = SDKROOT; };
		9555DE1315F546960078CD35 /* CoreData.framework */ = {isa = PBXFileReference; lastKnownFileType = wrapper.framework; name = CoreData.framework; path = System/Library/Frameworks/CoreData.framework; sourceTree = SDKROOT; };
		9555DE1415F546960078CD35 /* Foundation.framework */ = {isa = PBXFileReference; lastKnownFileType = wrapper.framework; name = Foundation.framework; path = System/Library/Frameworks/Foundation.framework; sourceTree = SDKROOT; };
		9555DE1715F546960078CD35 /* App Remote-Info.plist */ = {isa = PBXFileReference; lastKnownFileType = text.plist.xml; path = "App Remote-Info.plist"; sourceTree = "<group>"; };
		9555DE1915F546960078CD35 /* en */ = {isa = PBXFileReference; lastKnownFileType = text.plist.strings; name = en; path = en.lproj/InfoPlist.strings; sourceTree = "<group>"; };
		9555DE1B15F546960078CD35 /* main.m */ = {isa = PBXFileReference; lastKnownFileType = sourcecode.c.objc; path = main.m; sourceTree = "<group>"; };
		9555DE1D15F546960078CD35 /* App Remote-Prefix.pch */ = {isa = PBXFileReference; lastKnownFileType = sourcecode.c.h; path = "App Remote-Prefix.pch"; sourceTree = "<group>"; };
		9555DE1F15F546960078CD35 /* en */ = {isa = PBXFileReference; lastKnownFileType = text.rtf; name = en; path = en.lproj/Credits.rtf; sourceTree = "<group>"; };
		9555DE2115F546960078CD35 /* ARAppDelegate.h */ = {isa = PBXFileReference; lastKnownFileType = sourcecode.c.h; path = ARAppDelegate.h; sourceTree = "<group>"; };
		9555DE2215F546960078CD35 /* ARAppDelegate.m */ = {isa = PBXFileReference; lastKnownFileType = sourcecode.c.objc; path = ARAppDelegate.m; sourceTree = "<group>"; };
		9555DE2515F546960078CD35 /* en */ = {isa = PBXFileReference; lastKnownFileType = file.xib; name = en; path = en.lproj/MainMenu.xib; sourceTree = "<group>"; };
		9555DE2C15F546AA0078CD35 /* IOKit.framework */ = {isa = PBXFileReference; lastKnownFileType = wrapper.framework; name = IOKit.framework; path = System/Library/Frameworks/IOKit.framework; sourceTree = SDKROOT; };
		9555DE3015F546F50078CD35 /* .gitignore */ = {isa = PBXFileReference; fileEncoding = 4; lastKnownFileType = text; path = .gitignore; sourceTree = "<group>"; };
		9555DE3115F546F50078CD35 /* AppleRemote.h */ = {isa = PBXFileReference; fileEncoding = 4; lastKnownFileType = sourcecode.c.h; path = AppleRemote.h; sourceTree = "<group>"; };
		9555DE3215F546F50078CD35 /* AppleRemote.m */ = {isa = PBXFileReference; fileEncoding = 4; lastKnownFileType = sourcecode.c.objc; path = AppleRemote.m; sourceTree = "<group>"; };
		9555DE3315F546F50078CD35 /* AppleRemote.tiff */ = {isa = PBXFileReference; lastKnownFileType = image.tiff; path = AppleRemote.tiff; sourceTree = "<group>"; };
		9555DE3515F546F50078CD35 /* English */ = {isa = PBXFileReference; lastKnownFileType = text.plist.strings; name = English; path = English.lproj/InfoPlist.strings; sourceTree = "<group>"; };
		9555DE3715F546F50078CD35 /* English */ = {isa = PBXFileReference; lastKnownFileType = wrapper.nib; name = English; path = English.lproj/MainMenu.nib; sourceTree = "<group>"; };
		9555DE3815F546F50078CD35 /* HIDRemoteControlDevice.h */ = {isa = PBXFileReference; fileEncoding = 4; lastKnownFileType = sourcecode.c.h; path = HIDRemoteControlDevice.h; sourceTree = "<group>"; };
		9555DE3915F546F50078CD35 /* HIDRemoteControlDevice.m */ = {isa = PBXFileReference; fileEncoding = 4; lastKnownFileType = sourcecode.c.objc; path = HIDRemoteControlDevice.m; sourceTree = "<group>"; };
		9555DE3A15F546F50078CD35 /* Info.plist */ = {isa = PBXFileReference; fileEncoding = 4; lastKnownFileType = text.plist.xml; path = Info.plist; sourceTree = "<group>"; };
		9555DE3B15F546F50078CD35 /* license.txt */ = {isa = PBXFileReference; fileEncoding = 4; lastKnownFileType = text; path = license.txt; sourceTree = "<group>"; };
		9555DE3C15F546F50078CD35 /* main.m */ = {isa = PBXFileReference; fileEncoding = 4; lastKnownFileType = sourcecode.c.objc; path = main.m; sourceTree = "<group>"; };
		9555DE3D15F546F50078CD35 /* MainController.h */ = {isa = PBXFileReference; fileEncoding = 4; lastKnownFileType = sourcecode.c.h; path = MainController.h; sourceTree = "<group>"; };
		9555DE3E15F546F50078CD35 /* MainController.m */ = {isa = PBXFileReference; fileEncoding = 4; lastKnownFileType = sourcecode.c.objc; path = MainController.m; sourceTree = "<group>"; };
		9555DE3F15F546F50078CD35 /* MultiClickRemoteBehavior.h */ = {isa = PBXFileReference; fileEncoding = 4; lastKnownFileType = sourcecode.c.h; path = MultiClickRemoteBehavior.h; sourceTree = "<group>"; };
		9555DE4015F546F50078CD35 /* MultiClickRemoteBehavior.m */ = {isa = PBXFileReference; fileEncoding = 4; lastKnownFileType = sourcecode.c.objc; path = MultiClickRemoteBehavior.m; sourceTree = "<group>"; };
		9555DE4115F546F50078CD35 /* README.markdown */ = {isa = PBXFileReference; fileEncoding = 4; lastKnownFileType = text; path = README.markdown; sourceTree = "<group>"; };
		9555DE4215F546F50078CD35 /* RemoteControl.h */ = {isa = PBXFileReference; fileEncoding = 4; lastKnownFileType = sourcecode.c.h; path = RemoteControl.h; sourceTree = "<group>"; };
		9555DE4315F546F50078CD35 /* RemoteControl.m */ = {isa = PBXFileReference; fileEncoding = 4; lastKnownFileType = sourcecode.c.objc; path = RemoteControl.m; sourceTree = "<group>"; };
		9555DE4415F546F50078CD35 /* RemoteControls-Info.plist */ = {isa = PBXFileReference; fileEncoding = 4; lastKnownFileType = text.plist.xml; path = "RemoteControls-Info.plist"; sourceTree = "<group>"; };
		9555DE4515F546F50078CD35 /* RemoteControlWrapper.xcodeproj */ = {isa = PBXFileReference; lastKnownFileType = "wrapper.pb-project"; path = RemoteControlWrapper.xcodeproj; sourceTree = "<group>"; };
		9555DE4815F546F50078CD35 /* RemoteControlWrapper_Prefix.pch */ = {isa = PBXFileReference; fileEncoding = 4; lastKnownFileType = sourcecode.c.h; path = RemoteControlWrapper_Prefix.pch; sourceTree = "<group>"; };
		9555DE4915F546F50078CD35 /* RemoteFeedbackView.h */ = {isa = PBXFileReference; fileEncoding = 4; lastKnownFileType = sourcecode.c.h; path = RemoteFeedbackView.h; sourceTree = "<group>"; };
		9555DE4A15F546F50078CD35 /* RemoteFeedbackView.m */ = {isa = PBXFileReference; fileEncoding = 4; lastKnownFileType = sourcecode.c.objc; path = RemoteFeedbackView.m; sourceTree = "<group>"; };
		9555DE6715F547DC0078CD35 /* .gitignore */ = {isa = PBXFileReference; fileEncoding = 4; lastKnownFileType = text; path = .gitignore; sourceTree = "<group>"; };
/* End PBXFileReference section */

/* Begin PBXFrameworksBuildPhase section */
		9555DE0815F546960078CD35 /* Frameworks */ = {
			isa = PBXFrameworksBuildPhase;
			buildActionMask = 2147483647;
			files = (
				9555DE2D15F546AA0078CD35 /* IOKit.framework in Frameworks */,
				9555DE1015F546960078CD35 /* Cocoa.framework in Frameworks */,
				9507403D15F5AF1100BFDECF /* Carbon.framework in Frameworks */,
			);
			runOnlyForDeploymentPostprocessing = 0;
		};
/* End PBXFrameworksBuildPhase section */

/* Begin PBXGroup section */
		9507403615F5A9F900BFDECF /* Resources */ = {
			isa = PBXGroup;
			children = (
				9507403715F5A9F900BFDECF /* Default.scpt */,
			);
			path = Resources;
			sourceTree = "<group>";
		};
		9555DE0015F546960078CD35 = {
			isa = PBXGroup;
			children = (
				9507403E15F5DE6300BFDECF /* README.md */,
				9555DE6715F547DC0078CD35 /* .gitignore */,
				9555DE1515F546960078CD35 /* App Remote */,
				9555DE0E15F546960078CD35 /* Frameworks */,
				9555DE0C15F546960078CD35 /* Products */,
			);
			sourceTree = "<group>";
		};
		9555DE0C15F546960078CD35 /* Products */ = {
			isa = PBXGroup;
			children = (
				9555DE0B15F546960078CD35 /* App Remote.app */,
			);
			name = Products;
			sourceTree = "<group>";
		};
		9555DE0E15F546960078CD35 /* Frameworks */ = {
			isa = PBXGroup;
			children = (
				9507403B15F5AEFA00BFDECF /* Carbon.framework */,
				9555DE2C15F546AA0078CD35 /* IOKit.framework */,
				9555DE0F15F546960078CD35 /* Cocoa.framework */,
				9555DE1115F546960078CD35 /* Other Frameworks */,
			);
			name = Frameworks;
			sourceTree = "<group>";
		};
		9555DE1115F546960078CD35 /* Other Frameworks */ = {
			isa = PBXGroup;
			children = (
				9555DE1215F546960078CD35 /* AppKit.framework */,
				9555DE1315F546960078CD35 /* CoreData.framework */,
				9555DE1415F546960078CD35 /* Foundation.framework */,
			);
			name = "Other Frameworks";
			sourceTree = "<group>";
		};
		9555DE1515F546960078CD35 /* App Remote */ = {
			isa = PBXGroup;
			children = (
				9555DE2115F546960078CD35 /* ARAppDelegate.h */,
				9555DE2215F546960078CD35 /* ARAppDelegate.m */,
				9555DE2415F546960078CD35 /* MainMenu.xib */,
				9555DE2E15F546F50078CD35 /* libs */,
				9507403615F5A9F900BFDECF /* Resources */,
				9555DE1615F546960078CD35 /* Supporting Files */,
			);
			path = "App Remote";
			sourceTree = "<group>";
		};
		9555DE1615F546960078CD35 /* Supporting Files */ = {
			isa = PBXGroup;
			children = (
				9555DE1715F546960078CD35 /* App Remote-Info.plist */,
				9555DE1815F546960078CD35 /* InfoPlist.strings */,
				9555DE1B15F546960078CD35 /* main.m */,
				9555DE1D15F546960078CD35 /* App Remote-Prefix.pch */,
				9555DE1E15F546960078CD35 /* Credits.rtf */,
			);
			name = "Supporting Files";
			sourceTree = "<group>";
		};
		9555DE2E15F546F50078CD35 /* libs */ = {
			isa = PBXGroup;
			children = (
				9555DE2F15F546F50078CD35 /* apple_remote_control */,
			);
			path = libs;
			sourceTree = "<group>";
		};
		9555DE2F15F546F50078CD35 /* apple_remote_control */ = {
			isa = PBXGroup;
			children = (
				9555DE3015F546F50078CD35 /* .gitignore */,
				9555DE3115F546F50078CD35 /* AppleRemote.h */,
				9555DE3215F546F50078CD35 /* AppleRemote.m */,
				9555DE3315F546F50078CD35 /* AppleRemote.tiff */,
				9555DE3415F546F50078CD35 /* InfoPlist.strings */,
				9555DE3615F546F50078CD35 /* MainMenu.nib */,
				9555DE3815F546F50078CD35 /* HIDRemoteControlDevice.h */,
				9555DE3915F546F50078CD35 /* HIDRemoteControlDevice.m */,
				9555DE3A15F546F50078CD35 /* Info.plist */,
				9555DE3B15F546F50078CD35 /* license.txt */,
				9555DE3C15F546F50078CD35 /* main.m */,
				9555DE3D15F546F50078CD35 /* MainController.h */,
				9555DE3E15F546F50078CD35 /* MainController.m */,
				9555DE3F15F546F50078CD35 /* MultiClickRemoteBehavior.h */,
				9555DE4015F546F50078CD35 /* MultiClickRemoteBehavior.m */,
				9555DE4115F546F50078CD35 /* README.markdown */,
				9555DE4215F546F50078CD35 /* RemoteControl.h */,
				9555DE4315F546F50078CD35 /* RemoteControl.m */,
				9555DE4415F546F50078CD35 /* RemoteControls-Info.plist */,
				9555DE4515F546F50078CD35 /* RemoteControlWrapper.xcodeproj */,
				9555DE4815F546F50078CD35 /* RemoteControlWrapper_Prefix.pch */,
				9555DE4915F546F50078CD35 /* RemoteFeedbackView.h */,
				9555DE4A15F546F50078CD35 /* RemoteFeedbackView.m */,
			);
			path = apple_remote_control;
			sourceTree = "<group>";
		};
		9555DE4615F546F50078CD35 /* Products */ = {
			isa = PBXGroup;
			children = (
				9555DE6215F546F60078CD35 /* AppleRemote.app */,
				9555DE6415F546F60078CD35 /* libRemoteControl.a */,
				9555DE6615F546F60078CD35 /* AppleRemote.dylib */,
			);
			name = Products;
			sourceTree = "<group>";
		};
/* End PBXGroup section */

/* Begin PBXNativeTarget section */
		9555DE0A15F546960078CD35 /* App Remote */ = {
			isa = PBXNativeTarget;
			buildConfigurationList = 9555DE2915F546960078CD35 /* Build configuration list for PBXNativeTarget "App Remote" */;
			buildPhases = (
				9555DE0715F546960078CD35 /* Sources */,
				9555DE0815F546960078CD35 /* Frameworks */,
				9555DE0915F546960078CD35 /* Resources */,
			);
			buildRules = (
			);
			dependencies = (
			);
			name = "App Remote";
			productName = "App Remote";
			productReference = 9555DE0B15F546960078CD35 /* App Remote.app */;
			productType = "com.apple.product-type.application";
		};
/* End PBXNativeTarget section */

/* Begin PBXProject section */
		9555DE0215F546960078CD35 /* Project object */ = {
			isa = PBXProject;
			attributes = {
				CLASSPREFIX = AR;
				LastUpgradeCheck = 0440;
				ORGANIZATIONNAME = "Dennis Tsang";
			};
			buildConfigurationList = 9555DE0515F546960078CD35 /* Build configuration list for PBXProject "App Remote" */;
			compatibilityVersion = "Xcode 3.2";
			developmentRegion = English;
			hasScannedForEncodings = 0;
			knownRegions = (
				en,
				English,
			);
			mainGroup = 9555DE0015F546960078CD35;
			productRefGroup = 9555DE0C15F546960078CD35 /* Products */;
			projectDirPath = "";
			projectReferences = (
				{
					ProductGroup = 9555DE4615F546F50078CD35 /* Products */;
					ProjectRef = 9555DE4515F546F50078CD35 /* RemoteControlWrapper.xcodeproj */;
				},
			);
			projectRoot = "";
			targets = (
				9555DE0A15F546960078CD35 /* App Remote */,
			);
		};
/* End PBXProject section */

/* Begin PBXReferenceProxy section */
		9555DE6215F546F60078CD35 /* AppleRemote.app */ = {
			isa = PBXReferenceProxy;
			fileType = wrapper.application;
			path = AppleRemote.app;
			remoteRef = 9555DE6115F546F60078CD35 /* PBXContainerItemProxy */;
			sourceTree = BUILT_PRODUCTS_DIR;
		};
		9555DE6415F546F60078CD35 /* libRemoteControl.a */ = {
			isa = PBXReferenceProxy;
			fileType = archive.ar;
			path = libRemoteControl.a;
			remoteRef = 9555DE6315F546F60078CD35 /* PBXContainerItemProxy */;
			sourceTree = BUILT_PRODUCTS_DIR;
		};
		9555DE6615F546F60078CD35 /* AppleRemote.dylib */ = {
			isa = PBXReferenceProxy;
			fileType = "compiled.mach-o.dylib";
			path = AppleRemote.dylib;
			remoteRef = 9555DE6515F546F60078CD35 /* PBXContainerItemProxy */;
			sourceTree = BUILT_PRODUCTS_DIR;
		};
/* End PBXReferenceProxy section */

/* Begin PBXResourcesBuildPhase section */
		9555DE0915F546960078CD35 /* Resources */ = {
			isa = PBXResourcesBuildPhase;
			buildActionMask = 2147483647;
			files = (
				9555DE1A15F546960078CD35 /* InfoPlist.strings in Resources */,
				9555DE2015F546960078CD35 /* Credits.rtf in Resources */,
				9555DE2615F546960078CD35 /* MainMenu.xib in Resources */,
				9555DE4F15F546F50078CD35 /* .gitignore in Resources */,
				9555DE5115F546F50078CD35 /* AppleRemote.tiff in Resources */,
				9555DE5215F546F50078CD35 /* InfoPlist.strings in Resources */,
				9555DE5315F546F50078CD35 /* MainMenu.nib in Resources */,
				9555DE5515F546F50078CD35 /* Info.plist in Resources */,
				9555DE5615F546F50078CD35 /* license.txt in Resources */,
				9555DE5A15F546F50078CD35 /* README.markdown in Resources */,
				9555DE5C15F546F50078CD35 /* RemoteControls-Info.plist in Resources */,
				9555DE6815F547DC0078CD35 /* .gitignore in Resources */,
				9507403815F5A9F900BFDECF /* Default.scpt in Resources */,
				9507403F15F5DE6400BFDECF /* README.md in Resources */,
			);
			runOnlyForDeploymentPostprocessing = 0;
		};
/* End PBXResourcesBuildPhase section */

/* Begin PBXSourcesBuildPhase section */
		9555DE0715F546960078CD35 /* Sources */ = {
			isa = PBXSourcesBuildPhase;
			buildActionMask = 2147483647;
			files = (
				9555DE1C15F546960078CD35 /* main.m in Sources */,
				9555DE2315F546960078CD35 /* ARAppDelegate.m in Sources */,
				9555DE5015F546F50078CD35 /* AppleRemote.m in Sources */,
				9555DE5415F546F50078CD35 /* HIDRemoteControlDevice.m in Sources */,
				9555DE5915F546F50078CD35 /* MultiClickRemoteBehavior.m in Sources */,
				9555DE5B15F546F50078CD35 /* RemoteControl.m in Sources */,
			);
			runOnlyForDeploymentPostprocessing = 0;
		};
/* End PBXSourcesBuildPhase section */

/* Begin PBXVariantGroup section */
		9555DE1815F546960078CD35 /* InfoPlist.strings */ = {
			isa = PBXVariantGroup;
			children = (
				9555DE1915F546960078CD35 /* en */,
			);
			name = InfoPlist.strings;
			sourceTree = "<group>";
		};
		9555DE1E15F546960078CD35 /* Credits.rtf */ = {
			isa = PBXVariantGroup;
			children = (
				9555DE1F15F546960078CD35 /* en */,
			);
			name = Credits.rtf;
			sourceTree = "<group>";
		};
		9555DE2415F546960078CD35 /* MainMenu.xib */ = {
			isa = PBXVariantGroup;
			children = (
				9555DE2515F546960078CD35 /* en */,
			);
			name = MainMenu.xib;
			sourceTree = "<group>";
		};
		9555DE3415F546F50078CD35 /* InfoPlist.strings */ = {
			isa = PBXVariantGroup;
			children = (
				9555DE3515F546F50078CD35 /* English */,
			);
			name = InfoPlist.strings;
			sourceTree = "<group>";
		};
		9555DE3615F546F50078CD35 /* MainMenu.nib */ = {
			isa = PBXVariantGroup;
			children = (
				9555DE3715F546F50078CD35 /* English */,
			);
			name = MainMenu.nib;
			sourceTree = "<group>";
		};
/* End PBXVariantGroup section */

/* Begin XCBuildConfiguration section */
		9555DE2715F546960078CD35 /* Debug */ = {
			isa = XCBuildConfiguration;
			buildSettings = {
				ALWAYS_SEARCH_USER_PATHS = NO;
				ARCHS = "$(ARCHS_STANDARD_64_BIT)";
				CLANG_CXX_LANGUAGE_STANDARD = "gnu++0x";
				CLANG_ENABLE_OBJC_ARC = YES;
				CLANG_WARN__DUPLICATE_METHOD_MATCH = YES;
				COPY_PHASE_STRIP = NO;
				GCC_C_LANGUAGE_STANDARD = gnu99;
				GCC_DYNAMIC_NO_PIC = NO;
				GCC_ENABLE_OBJC_EXCEPTIONS = YES;
				GCC_OPTIMIZATION_LEVEL = 0;
				GCC_PREPROCESSOR_DEFINITIONS = (
					"DEBUG=1",
					"$(inherited)",
				);
				GCC_SYMBOLS_PRIVATE_EXTERN = NO;
				GCC_WARN_64_TO_32_BIT_CONVERSION = YES;
				GCC_WARN_ABOUT_RETURN_TYPE = YES;
				GCC_WARN_UNINITIALIZED_AUTOS = YES;
				GCC_WARN_UNUSED_VARIABLE = YES;
				MACOSX_DEPLOYMENT_TARGET = 10.8;
				ONLY_ACTIVE_ARCH = YES;
				SDKROOT = macosx;
			};
			name = Debug;
		};
		9555DE2815F546960078CD35 /* Release */ = {
			isa = XCBuildConfiguration;
			buildSettings = {
				ALWAYS_SEARCH_USER_PATHS = NO;
				ARCHS = "$(ARCHS_STANDARD_64_BIT)";
				CLANG_CXX_LANGUAGE_STANDARD = "gnu++0x";
				CLANG_ENABLE_OBJC_ARC = YES;
				CLANG_WARN__DUPLICATE_METHOD_MATCH = YES;
				COPY_PHASE_STRIP = YES;
				DEBUG_INFORMATION_FORMAT = "dwarf-with-dsym";
				GCC_C_LANGUAGE_STANDARD = gnu99;
				GCC_ENABLE_OBJC_EXCEPTIONS = YES;
				GCC_WARN_64_TO_32_BIT_CONVERSION = YES;
				GCC_WARN_ABOUT_RETURN_TYPE = YES;
				GCC_WARN_UNINITIALIZED_AUTOS = YES;
				GCC_WARN_UNUSED_VARIABLE = YES;
				MACOSX_DEPLOYMENT_TARGET = 10.8;
				SDKROOT = macosx;
			};
			name = Release;
		};
		9555DE2A15F546960078CD35 /* Debug */ = {
			isa = XCBuildConfiguration;
			buildSettings = {
				COMBINE_HIDPI_IMAGES = YES;
				GCC_PRECOMPILE_PREFIX_HEADER = YES;
				GCC_PREFIX_HEADER = "App Remote/App Remote-Prefix.pch";
				INFOPLIST_FILE = "App Remote/App Remote-Info.plist";
				MACOSX_DEPLOYMENT_TARGET = 10.6;
				PRODUCT_NAME = "$(TARGET_NAME)";
				WRAPPER_EXTENSION = app;
			};
			name = Debug;
		};
		9555DE2B15F546960078CD35 /* Release */ = {
			isa = XCBuildConfiguration;
			buildSettings = {
				COMBINE_HIDPI_IMAGES = YES;
				GCC_PRECOMPILE_PREFIX_HEADER = YES;
				GCC_PREFIX_HEADER = "App Remote/App Remote-Prefix.pch";
				INFOPLIST_FILE = "App Remote/App Remote-Info.plist";
				MACOSX_DEPLOYMENT_TARGET = 10.6;
				PRODUCT_NAME = "$(TARGET_NAME)";
				WRAPPER_EXTENSION = app;
			};
			name = Release;
		};
/* End XCBuildConfiguration section */

/* Begin XCConfigurationList section */
		9555DE0515F546960078CD35 /* Build configuration list for PBXProject "App Remote" */ = {
			isa = XCConfigurationList;
			buildConfigurations = (
				9555DE2715F546960078CD35 /* Debug */,
				9555DE2815F546960078CD35 /* Release */,
			);
			defaultConfigurationIsVisible = 0;
			defaultConfigurationName = Release;
		};
		9555DE2915F546960078CD35 /* Build configuration list for PBXNativeTarget "App Remote" */ = {
			isa = XCConfigurationList;
			buildConfigurations = (
				9555DE2A15F546960078CD35 /* Debug */,
				9555DE2B15F546960078CD35 /* Release */,
			);
			defaultConfigurationIsVisible = 0;
			defaultConfigurationName = Release;
		};
/* End XCConfigurationList section */
	};
	rootObject = 9555DE0215F546960078CD35 /* Project object */;
}
